{
 "graph_lock": {
  "nodes": {
   "0": {
    "options": "tinyxml2:fPIC=True\ntinyxml2:shared=False",
    "requires": [
     "1"
    ],
    "path": "conanfile.txt",
    "context": "host"
   },
   "1": {
    "ref": "tinyxml2/9.0.0",
    "options": "fPIC=True\nshared=False",
    "package_id": "d351525cc53ebe68279edf1978846402420066e7",
    "prev": "0",
    "context": "host"
   }
  },
  "revisions_enabled": false
 },
 "version": "0.4",
 "profile_host": "[settings]\narch=x86_64\narch_build=x86_64\nbuild_type=Release\ncompiler=gcc\ncompiler.libcxx=libstdc++\ncompiler.version=7\nos=Linux\nos_build=Linux\n[options]\n[build_requires]\n[env]\n"
}